{
  "name": "esri-leaflet-requirejs",
  "version": "1.0.0",
  "lockfileVersion": 1,
  "requires": true,
  "dependencies": {
    "arcgis-to-geojson-utils": {
      "version": "1.0.2",
      "resolved": "https://registry.npmjs.org/arcgis-to-geojson-utils/-/arcgis-to-geojson-utils-1.0.2.tgz",
      "integrity": "sha512-/OZQona1vsQfVYG1ui23/r+/jJG1YV9urzCV+PXGDeruIwx6YZQMD7mhn3OpcXUi1ByabF6M2CWvrdpNQ7BYQQ=="
    },
    "esri-leaflet": {
      "version": "2.1.0",
      "resolved": "https://registry.npmjs.org/esri-leaflet/-/esri-leaflet-2.1.0.tgz",
      "integrity": "sha512-ybc4nvzgGMAlNYup5QJRYkoTSaA1iV20CKdkbfYjOrpZ62FtC9ZLmMqPxweF/L5kJnGYQWNL20pRP11IttuGmQ==",
      "requires": {
        "arcgis-to-geojson-utils": "1.0.2",
        "leaflet": "1.0.3",
        "leaflet-virtual-grid": "1.0.4",
        "tiny-binary-search": "1.0.2"
      },
      "dependencies": {
        "leaflet": {
          "version": "1.0.3",
          "resolved": "https://registry.npmjs.org/leaflet/-/leaflet-1.0.3.tgz",
          "integrity": "sha1-H0AbmLRcgZITTGyNaWhiU4BQB8g="
        }
      }
    },
    "esri-leaflet-geocoder": {
      "version": "2.2.6",
      "resolved": "https://registry.npmjs.org/esri-leaflet-geocoder/-/esri-leaflet-geocoder-2.2.6.tgz",
      "integrity": "sha512-bTgM6ipYu9A5xGTplJ/LqVmCkCS+IfRKSe5NlB7IoYSeA873xAaxWDVKssXatAPJVHGZZ1TtJm5FKndDivbMBg==",
      "requires": {
        "esri-leaflet": "2.1.0",
        "leaflet": "1.1.0"
      }
    },
    "leaflet": {
      "version": "1.1.0",
      "resolved": "https://registry.npmjs.org/leaflet/-/leaflet-1.1.0.tgz",
      "integrity": "sha512-JK2bT5tZnLQlNuLa8pjOvUC/c/t4MfXBPZyrNK3C1BBxfX1rMHxFC2DvVCNd8esRjDtEddnwSTlv54sC5gvtMQ=="
    },
    "leaflet-virtual-grid": {
      "version": "1.0.4",
      "resolved": "https://registry.npmjs.org/leaflet-virtual-grid/-/leaflet-virtual-grid-1.0.4.tgz",
      "integrity": "sha1-ZgAoVNlOgaMHx5CiKBe+vJT5kMM=",
      "requires": {
        "leaflet": "1.1.0"
      }
    },
    "requirejs": {
      "version": "2.3.4",
      "resolved": "https://registry.npmjs.org/requirejs/-/requirejs-2.3.4.tgz",
      "integrity": "sha512-qPD5gRrj6kGQ0ZySAJgqbArkaDqPMbQIT0zSZDkIv1mfA17w/tR2Faq5l2qqRf2CdQx6FWln9nUrgd2UDzb19A=="
    },
    "tiny-binary-search": {
      "version": "1.0.2",
      "resolved": "https://registry.npmjs.org/tiny-binary-search/-/tiny-binary-search-1.0.2.tgz",
      "integrity": "sha1-1MXMzlq6C0yu4hkJGT5LlLq1j0U="
    }
  }
}
